
Microsoft Visual Studio Solution File, Format Version 12.00
# Visual Studio 15
Project("{FAE04EC0-301F-11D3-BF4B-00C04F79EFBC}") = "FPS_LineWars", "FPS_LineWars.csproj", "{F8F44357-6787-ECDD-B551-9FBDA9B5C876}"
EndProject
Project("{FAE04EC0-301F-11D3-BF4B-00C04F79EFBC}") = "FPS_LineWars.Plugins", "FPS_LineWars.Plugins.csproj", "{CEE0CAD4-FB40-D7CA-1D6B-753F1447B45A}"
EndProject
Project("{FAE04EC0-301F-11D3-BF4B-00C04F79EFBC}") = "FPS_LineWars.Editor.Plugins", "FPS_LineWars.Editor.Plugins.csproj", "{F5FC805A-7263-3B3F-9664-3E7C6A805BC4}"
EndProject
Global
	GlobalSection(SolutionConfigurationPlatforms) = preSolution
		Debug|Any CPU = Debug|Any CPU
		Release|Any CPU = Release|Any CPU
	EndGlobalSection
	GlobalSection(ProjectConfigurationPlatforms) = postSolution
		{F8F44357-6787-ECDD-B551-9FBDA9B5C876}.Debug|Any CPU.ActiveCfg = Debug|Any CPU
		{F8F44357-6787-ECDD-B551-9FBDA9B5C876}.Debug|Any CPU.Build.0 = Debug|Any CPU
		{F8F44357-6787-ECDD-B551-9FBDA9B5C876}.Release|Any CPU.ActiveCfg = Release|Any CPU
		{F8F44357-6787-ECDD-B551-9FBDA9B5C876}.Release|Any CPU.Build.0 = Release|Any CPU
		{CEE0CAD4-FB40-D7CA-1D6B-753F1447B45A}.Debug|Any CPU.ActiveCfg = Debug|Any CPU
		{CEE0CAD4-FB40-D7CA-1D6B-753F1447B45A}.Debug|Any CPU.Build.0 = Debug|Any CPU
		{CEE0CAD4-FB40-D7CA-1D6B-753F1447B45A}.Release|Any CPU.ActiveCfg = Release|Any CPU
		{CEE0CAD4-FB40-D7CA-1D6B-753F1447B45A}.Release|Any CPU.Build.0 = Release|Any CPU
		{F5FC805A-7263-3B3F-9664-3E7C6A805BC4}.Debug|Any CPU.ActiveCfg = Debug|Any CPU
		{F5FC805A-7263-3B3F-9664-3E7C6A805BC4}.Debug|Any CPU.Build.0 = Debug|Any CPU
		{F5FC805A-7263-3B3F-9664-3E7C6A805BC4}.Release|Any CPU.ActiveCfg = Release|Any CPU
		{F5FC805A-7263-3B3F-9664-3E7C6A805BC4}.Release|Any CPU.Build.0 = Release|Any CPU
	EndGlobalSection
	GlobalSection(SolutionProperties) = preSolution
		HideSolutionNode = FALSE
	EndGlobalSection
EndGlobal
